
Microsoft Visual Studio Solution File, Format Version 12.00
# Visual Studio Version 17
VisualStudioVersion = 17.11.35222.181
MinimumVisualStudioVersion = 10.0.40219.1
Project("{888888A0-9F3D-457C-B088-3A5042F75D52}") = "MSTG1", "MSTG1.pyproj", "{21B70BF6-8C20-422D-B3BA-C4239268C558}"
EndProject
Global
	GlobalSection(SolutionConfigurationPlatforms) = preSolution
		Debug|Any CPU = Debug|Any CPU
		Release|Any CPU = Release|Any CPU
	EndGlobalSection
	GlobalSection(ProjectConfigurationPlatforms) = postSolution
		{21B70BF6-8C20-422D-B3BA-C4239268C558}.Debug|Any CPU.ActiveCfg = Debug|Any CPU
		{21B70BF6-8C20-422D-B3BA-C4239268C558}.Release|Any CPU.ActiveCfg = Release|Any CPU
	EndGlobalSection
	GlobalSection(SolutionProperties) = preSolution
		HideSolutionNode = FALSE
	EndGlobalSection
	GlobalSection(ExtensibilityGlobals) = postSolution
		SolutionGuid = {1B690845-E609-4FFF-977A-8382283D3D02}
	EndGlobalSection
EndGlobal
